{
  "name": "e2e",
  "lockfileVersion": 3,
  "requires": true,
  "packages": {
    "": {
      "dependencies": {
        "@drownek/paper-e2e-runner": "file:D:\\PROJECTS\\01_Drafts\\paper-e2e-test-framework\\runner-package"
      },
      "devDependencies": {
        "@types/node": "^22.10.5",
        "typescript": "^5.7.3"
      }
    },
    "../../../../runner-package": {
      "name": "@drownek/paper-e2e-runner",
      "version": "1.0.5",
      "license": "MIT",
      "dependencies": {
        "js-yaml": "^4.1.0",
        "mineflayer": "^4.0.0",
        "source-map-support": "^0.5.21"
      },
      "bin": {
        "paper-e2e-runner": "dist/cli.js"
      },
      "devDependencies": {
        "@types/js-yaml": "^4.0.9",
        "@types/node": "^22.10.5",
        "@types/source-map-support": "^0.5.10",
        "typescript": "^5.7.3"
      },
      "engines": {
        "node": ">=16.0.0"
      }
    },
    "node_modules/@drownek/paper-e2e-runner": {
      "resolved": "../../../../runner-package",
      "link": true
    },
    "node_modules/@types/node": {
      "version": "22.19.7",
      "resolved": "https://registry.npmjs.org/@types/node/-/node-22.19.7.tgz",
      "integrity": "sha512-MciR4AKGHWl7xwxkBa6xUGxQJ4VBOmPTF7sL+iGzuahOFaO0jHCsuEfS80pan1ef4gWId1oWOweIhrDEYLuaOw==",
      "dev": true,
      "license": "MIT",
      "dependencies": {
        "undici-types": "~6.21.0"
      }
    },
    "node_modules/typescript": {
      "version": "5.9.3",
      "resolved": "https://registry.npmjs.org/typescript/-/typescript-5.9.3.tgz",
      "integrity": "sha512-jl1vZzPDinLr9eUt3J/t7V6FgNEw9QjvBPdysz9KfQDD41fQrC2Y4vKQdiaUpFT4bXlb1RHhLpp8wtm6M5TgSw==",
      "dev": true,
      "license": "Apache-2.0",
      "bin": {
        "tsc": "bin/tsc",
        "tsserver": "bin/tsserver"
      },
      "engines": {
        "node": ">=14.17"
      }
    },
    "node_modules/undici-types": {
      "version": "6.21.0",
      "resolved": "https://registry.npmjs.org/undici-types/-/undici-types-6.21.0.tgz",
      "integrity": "sha512-iwDZqg0QAGrg9Rav5H4n0M64c3mkR59cJ6wQp+7C4nI0gsmExaedaYLNO44eT4AtBBwjbTiGPMlt2Md0T9H9JQ==",
      "dev": true,
      "license": "MIT"
    }
  }
}
